
Microsoft Visual Studio Solution File, Format Version 12.00
# Visual Studio 14
VisualStudioVersion = 14.0.25123.0
MinimumVisualStudioVersion = 10.0.40219.1
Project("{FAE04EC0-301F-11D3-BF4B-00C04F79EFBC}") = "RoutesHostServer", "RoutesHostServer\RoutesHostServer.csproj", "{79FE47AD-1439-4F9E-AFA1-7FFBC7484F55}"
EndProject
Project("{FAE04EC0-301F-11D3-BF4B-00C04F79EFBC}") = "RoutesHostClient", "RoutesHostClient\RoutesHostClient.csproj", "{CA53EF7B-145B-4BBF-8FE7-05480655E416}"
EndProject
Project("{2150E333-8FDC-42A3-9474-1A3956D46DE8}") = "Solution Items", "Solution Items", "{6BF8EBFC-61D2-45E3-9682-C0AA5D516549}"
	ProjectSection(SolutionItems) = preProject
		..\README.md = ..\README.md
	EndProjectSection
EndProject
Project("{FAE04EC0-301F-11D3-BF4B-00C04F79EFBC}") = "RoutesHostServerTests", "RoutesHostServerTests\RoutesHostServerTests.csproj", "{686253B9-6577-4F66-93C9-61DA679C72D4}"
EndProject
Project("{FAE04EC0-301F-11D3-BF4B-00C04F79EFBC}") = "RoutesHostClientTests", "RoutesHostClientTests\RoutesHostClientTests.csproj", "{7345A16B-7895-4512-8AAF-E4B657517311}"
EndProject
Global
	GlobalSection(SolutionConfigurationPlatforms) = preSolution
		Debug|Any CPU = Debug|Any CPU
		Release|Any CPU = Release|Any CPU
	EndGlobalSection
	GlobalSection(ProjectConfigurationPlatforms) = postSolution
		{79FE47AD-1439-4F9E-AFA1-7FFBC7484F55}.Debug|Any CPU.ActiveCfg = Debug|Any CPU
		{79FE47AD-1439-4F9E-AFA1-7FFBC7484F55}.Debug|Any CPU.Build.0 = Debug|Any CPU
		{79FE47AD-1439-4F9E-AFA1-7FFBC7484F55}.Release|Any CPU.ActiveCfg = Release|Any CPU
		{79FE47AD-1439-4F9E-AFA1-7FFBC7484F55}.Release|Any CPU.Build.0 = Release|Any CPU
		{CA53EF7B-145B-4BBF-8FE7-05480655E416}.Debug|Any CPU.ActiveCfg = Debug|Any CPU
		{CA53EF7B-145B-4BBF-8FE7-05480655E416}.Debug|Any CPU.Build.0 = Debug|Any CPU
		{CA53EF7B-145B-4BBF-8FE7-05480655E416}.Release|Any CPU.ActiveCfg = Release|Any CPU
		{CA53EF7B-145B-4BBF-8FE7-05480655E416}.Release|Any CPU.Build.0 = Release|Any CPU
		{686253B9-6577-4F66-93C9-61DA679C72D4}.Debug|Any CPU.ActiveCfg = Debug|Any CPU
		{686253B9-6577-4F66-93C9-61DA679C72D4}.Debug|Any CPU.Build.0 = Debug|Any CPU
		{686253B9-6577-4F66-93C9-61DA679C72D4}.Release|Any CPU.ActiveCfg = Release|Any CPU
		{686253B9-6577-4F66-93C9-61DA679C72D4}.Release|Any CPU.Build.0 = Release|Any CPU
		{7345A16B-7895-4512-8AAF-E4B657517311}.Debug|Any CPU.ActiveCfg = Debug|Any CPU
		{7345A16B-7895-4512-8AAF-E4B657517311}.Debug|Any CPU.Build.0 = Debug|Any CPU
		{7345A16B-7895-4512-8AAF-E4B657517311}.Release|Any CPU.ActiveCfg = Release|Any CPU
		{7345A16B-7895-4512-8AAF-E4B657517311}.Release|Any CPU.Build.0 = Release|Any CPU
	EndGlobalSection
	GlobalSection(SolutionProperties) = preSolution
		HideSolutionNode = FALSE
	EndGlobalSection
EndGlobal
